{
  "version": "3",
  "packages": {
    "specifiers": {
      "npm:date-fns": "npm:date-fns@3.4.0",
      "npm:ofetch": "npm:ofetch@1.3.3"
    },
    "npm": {
      "date-fns@3.4.0": {
        "integrity": "sha512-Akz4R8J9MXBsOgF1QeWeCsbv6pntT5KCPjU0Q9prBxVmWJYPLhwAIsNg3b0QAdr0ttiozYLD3L/af7Ra0jqYXw==",
        "dependencies": {}
      },
      "destr@2.0.2": {
        "integrity": "sha512-65AlobnZMiCET00KaFFjUefxDX0khFA/E4myqZ7a6Sq1yZtR8+FVIvilVX66vF2uobSumxooYZChiRPCKNqhmg==",
        "dependencies": {}
      },
      "node-fetch-native@1.6.1": {
        "integrity": "sha512-bW9T/uJDPAJB2YNYEpWzE54U5O3MQidXsOyTfnbKYtTtFexRvGzb1waphBN4ZwP6EcIvYYEOwW0b72BpAqydTw==",
        "dependencies": {}
      },
      "ofetch@1.3.3": {
        "integrity": "sha512-s1ZCMmQWXy4b5K/TW9i/DtiN8Ku+xCiHcjQ6/J/nDdssirrQNOoB165Zu8EqLMA2lln1JUth9a0aW9Ap2ctrUg==",
        "dependencies": {
          "destr": "destr@2.0.2",
          "node-fetch-native": "node-fetch-native@1.6.1",
          "ufo": "ufo@1.3.2"
        }
      },
      "ufo@1.3.2": {
        "integrity": "sha512-o+ORpgGwaYQXgqGDwd+hkS4PuZ3QnmqMMxRuajK/a38L6fTpcE5GPIfrf+L/KemFzfUpeUQc1rRS1iDBozvnFA==",
        "dependencies": {}
      }
    }
  },
  "redirects": {
    "https://deno.land/x/std/dotenv/mod.ts": "https://deno.land/std@0.222.1/dotenv/mod.ts"
  },
  "remote": {
    "https://deno.land/std@0.221.0/fmt/colors.ts": "d239d84620b921ea520125d778947881f62c50e78deef2657073840b8af9559a",
    "https://deno.land/std@0.222.1/dotenv/mod.ts": "0180eaeedaaf88647318811cdaa418cc64dc51fb08354f91f5f480d0a1309f7d",
    "https://deno.land/std@0.222.1/dotenv/parse.ts": "09977ff88dfd1f24f9973a338f0f91bbdb9307eb5ff6085446e7c423e4c7ba0c",
    "https://deno.land/std@0.222.1/dotenv/stringify.ts": "275da322c409170160440836342eaa7cf012a1d11a7e700d8ca4e7f2f8aa4615",
    "https://deno.land/x/cliffy@v1.0.0-rc.4/ansi/colors.ts": "21c6702197d0871c700279d22fc54e4b15152be4ece1f433d6714595b018d265"
  }
}
